
Microsoft Visual Studio Solution File, Format Version 12.00
# Visual Studio Version 16
VisualStudioVersion = 16.0.31112.23
MinimumVisualStudioVersion = 10.0.40219.1
Project("{FAE04EC0-301F-11D3-BF4B-00C04F79EFBC}") = "SparkTech.SDK", "SparkTech.SDK\SparkTech.SDK.csproj", "{ACAC4D5C-F455-4903-BA56-ED3A7EBCFF94}"
EndProject
Project("{FAE04EC0-301F-11D3-BF4B-00C04F79EFBC}") = "SparkTech.Ensoul", "SparkTech.Ensoul\SparkTech.Ensoul.csproj", "{1D92455B-8BDC-4F66-906E-F8B502505C11}"
EndProject
Project("{FAE04EC0-301F-11D3-BF4B-00C04F79EFBC}") = "SparkTech.GUIEditor", "SparkTech.GUIEditor\SparkTech.GUIEditor.csproj", "{6C61DF4F-77C8-42F2-BB73-A507BB781178}"
EndProject
Global
	GlobalSection(SolutionConfigurationPlatforms) = preSolution
		Debug|Any CPU = Debug|Any CPU
		Release|Any CPU = Release|Any CPU
	EndGlobalSection
	GlobalSection(ProjectConfigurationPlatforms) = postSolution
		{ACAC4D5C-F455-4903-BA56-ED3A7EBCFF94}.Debug|Any CPU.ActiveCfg = Debug|Any CPU
		{ACAC4D5C-F455-4903-BA56-ED3A7EBCFF94}.Debug|Any CPU.Build.0 = Debug|Any CPU
		{ACAC4D5C-F455-4903-BA56-ED3A7EBCFF94}.Release|Any CPU.ActiveCfg = Release|Any CPU
		{ACAC4D5C-F455-4903-BA56-ED3A7EBCFF94}.Release|Any CPU.Build.0 = Release|Any CPU
		{1D92455B-8BDC-4F66-906E-F8B502505C11}.Debug|Any CPU.ActiveCfg = Debug|Any CPU
		{1D92455B-8BDC-4F66-906E-F8B502505C11}.Debug|Any CPU.Build.0 = Debug|Any CPU
		{1D92455B-8BDC-4F66-906E-F8B502505C11}.Release|Any CPU.ActiveCfg = Release|Any CPU
		{1D92455B-8BDC-4F66-906E-F8B502505C11}.Release|Any CPU.Build.0 = Release|Any CPU
		{6C61DF4F-77C8-42F2-BB73-A507BB781178}.Debug|Any CPU.ActiveCfg = Debug|Any CPU
		{6C61DF4F-77C8-42F2-BB73-A507BB781178}.Debug|Any CPU.Build.0 = Debug|Any CPU
		{6C61DF4F-77C8-42F2-BB73-A507BB781178}.Release|Any CPU.ActiveCfg = Release|Any CPU
		{6C61DF4F-77C8-42F2-BB73-A507BB781178}.Release|Any CPU.Build.0 = Release|Any CPU
	EndGlobalSection
	GlobalSection(SolutionProperties) = preSolution
		HideSolutionNode = FALSE
	EndGlobalSection
	GlobalSection(ExtensibilityGlobals) = postSolution
		SolutionGuid = {A7CF2B4A-25FA-4B26-B69F-E03CEE30D6F0}
	EndGlobalSection
EndGlobal
