
Microsoft Visual Studio Solution File, Format Version 12.00
# Visual Studio Version 16
VisualStudioVersion = 16.0.28621.142
MinimumVisualStudioVersion = 10.0.40219.1
Project("{9A19103F-16F7-4668-BE54-9A1E7A4F7556}") = "SparkTech.SDK", "SparkTech.SDK\SparkTech.SDK.csproj", "{35284B3E-CDFC-475C-9F90-185E605272CB}"
EndProject
Project("{9A19103F-16F7-4668-BE54-9A1E7A4F7556}") = "SparkTech.SDK.Tests", "SparkTech.SDK.Tests\SparkTech.SDK.Tests.csproj", "{41CC018B-0D34-4D9B-AA4B-DCFAB5DBDD91}"
EndProject
Project("{FAE04EC0-301F-11D3-BF4B-00C04F79EFBC}") = "LinkerBase", "LinkerBase\LinkerBase.csproj", "{2F25C3F7-18AE-4444-BDED-4D2AB8FF3DC1}"
EndProject
Global
	GlobalSection(SolutionConfigurationPlatforms) = preSolution
		Debug|Any CPU = Debug|Any CPU
		Release|Any CPU = Release|Any CPU
	EndGlobalSection
	GlobalSection(ProjectConfigurationPlatforms) = postSolution
		{35284B3E-CDFC-475C-9F90-185E605272CB}.Debug|Any CPU.ActiveCfg = Debug|Any CPU
		{35284B3E-CDFC-475C-9F90-185E605272CB}.Debug|Any CPU.Build.0 = Debug|Any CPU
		{35284B3E-CDFC-475C-9F90-185E605272CB}.Release|Any CPU.ActiveCfg = Release|Any CPU
		{35284B3E-CDFC-475C-9F90-185E605272CB}.Release|Any CPU.Build.0 = Release|Any CPU
		{41CC018B-0D34-4D9B-AA4B-DCFAB5DBDD91}.Debug|Any CPU.ActiveCfg = Debug|Any CPU
		{41CC018B-0D34-4D9B-AA4B-DCFAB5DBDD91}.Debug|Any CPU.Build.0 = Debug|Any CPU
		{41CC018B-0D34-4D9B-AA4B-DCFAB5DBDD91}.Release|Any CPU.ActiveCfg = Release|Any CPU
		{41CC018B-0D34-4D9B-AA4B-DCFAB5DBDD91}.Release|Any CPU.Build.0 = Release|Any CPU
		{2F25C3F7-18AE-4444-BDED-4D2AB8FF3DC1}.Debug|Any CPU.ActiveCfg = Debug|Any CPU
		{2F25C3F7-18AE-4444-BDED-4D2AB8FF3DC1}.Debug|Any CPU.Build.0 = Debug|Any CPU
		{2F25C3F7-18AE-4444-BDED-4D2AB8FF3DC1}.Release|Any CPU.ActiveCfg = Release|Any CPU
		{2F25C3F7-18AE-4444-BDED-4D2AB8FF3DC1}.Release|Any CPU.Build.0 = Release|Any CPU
	EndGlobalSection
	GlobalSection(SolutionProperties) = preSolution
		HideSolutionNode = FALSE
	EndGlobalSection
	GlobalSection(ExtensibilityGlobals) = postSolution
		SolutionGuid = {F99DC729-56C0-4922-AFA4-8D147B8B68EC}
	EndGlobalSection
EndGlobal
