
Microsoft Visual Studio Solution File, Format Version 12.00
# Visual Studio Version 16
VisualStudioVersion = 16.0.28621.142
MinimumVisualStudioVersion = 10.0.40219.1
Project("{9A19103F-16F7-4668-BE54-9A1E7A4F7556}") = "Surgical.SDK", "Surgical.SDK\Surgical.SDK.csproj", "{35284B3E-CDFC-475C-9F90-185E605272CB}"
EndProject
Project("{9A19103F-16F7-4668-BE54-9A1E7A4F7556}") = "SurgicalSample", "SurgicalSample\SurgicalSample.csproj", "{644B62F5-9BEF-430D-8AB3-08E71F7957BA}"
EndProject
Project("{9A19103F-16F7-4668-BE54-9A1E7A4F7556}") = "GUIEditor", "GUIEditor\GUIEditor.csproj", "{4BF343EF-6F7B-49C4-9346-7A25A04970F5}"
EndProject
Global
	GlobalSection(SolutionConfigurationPlatforms) = preSolution
		Debug|Any CPU = Debug|Any CPU
		Release|Any CPU = Release|Any CPU
	EndGlobalSection
	GlobalSection(ProjectConfigurationPlatforms) = postSolution
		{35284B3E-CDFC-475C-9F90-185E605272CB}.Debug|Any CPU.ActiveCfg = Debug|Any CPU
		{35284B3E-CDFC-475C-9F90-185E605272CB}.Debug|Any CPU.Build.0 = Debug|Any CPU
		{35284B3E-CDFC-475C-9F90-185E605272CB}.Release|Any CPU.ActiveCfg = Release|Any CPU
		{35284B3E-CDFC-475C-9F90-185E605272CB}.Release|Any CPU.Build.0 = Release|Any CPU
		{644B62F5-9BEF-430D-8AB3-08E71F7957BA}.Debug|Any CPU.ActiveCfg = Debug|Any CPU
		{644B62F5-9BEF-430D-8AB3-08E71F7957BA}.Debug|Any CPU.Build.0 = Debug|Any CPU
		{644B62F5-9BEF-430D-8AB3-08E71F7957BA}.Release|Any CPU.ActiveCfg = Release|Any CPU
		{644B62F5-9BEF-430D-8AB3-08E71F7957BA}.Release|Any CPU.Build.0 = Release|Any CPU
		{4BF343EF-6F7B-49C4-9346-7A25A04970F5}.Debug|Any CPU.ActiveCfg = Debug|Any CPU
		{4BF343EF-6F7B-49C4-9346-7A25A04970F5}.Debug|Any CPU.Build.0 = Debug|Any CPU
		{4BF343EF-6F7B-49C4-9346-7A25A04970F5}.Release|Any CPU.ActiveCfg = Release|Any CPU
		{4BF343EF-6F7B-49C4-9346-7A25A04970F5}.Release|Any CPU.Build.0 = Release|Any CPU
	EndGlobalSection
	GlobalSection(SolutionProperties) = preSolution
		HideSolutionNode = FALSE
	EndGlobalSection
	GlobalSection(ExtensibilityGlobals) = postSolution
		SolutionGuid = {F99DC729-56C0-4922-AFA4-8D147B8B68EC}
	EndGlobalSection
EndGlobal
